
Microsoft Visual Studio Solution File, Format Version 12.00
Project("{FAE04EC0-301F-11D3-BF4B-00C04F79EFBC}") = "FourthHomework", "FourthHomework.csproj", "{44177412-0196-4CA4-A04C-8CA0A391D715}"
EndProject
Global
	GlobalSection(SolutionConfigurationPlatforms) = preSolution
		Debug|Any CPU = Debug|Any CPU
		Release|Any CPU = Release|Any CPU
	EndGlobalSection
	GlobalSection(ProjectConfigurationPlatforms) = postSolution
		{44177412-0196-4CA4-A04C-8CA0A391D715}.Debug|Any CPU.ActiveCfg = Debug|Any CPU
		{44177412-0196-4CA4-A04C-8CA0A391D715}.Debug|Any CPU.Build.0 = Debug|Any CPU
		{44177412-0196-4CA4-A04C-8CA0A391D715}.Release|Any CPU.ActiveCfg = Release|Any CPU
		{44177412-0196-4CA4-A04C-8CA0A391D715}.Release|Any CPU.Build.0 = Release|Any CPU
	EndGlobalSection
EndGlobal
